// !$*UTF8*$!
{
	archiveVersion = 1;
	classes = {
	};
	objectVersion = 52;
	objects = {

/* Begin PBXBuildFile section */
		75BD7FA22631E44800C101CF /* Networking.swift in Sources */ = {isa = PBXBuildFile; fileRef = 75BD7FA12631E44800C101CF /* Networking.swift */; };
		75BD7FA62631E54100C101CF /* Networking+Ex.swift in Sources */ = {isa = PBXBuildFile; fileRef = 75BD7FA52631E54100C101CF /* Networking+Ex.swift */; };
		75BD7FA92631E64E00C101CF /* NetworkError.swift in Sources */ = {isa = PBXBuildFile; fileRef = 75BD7FA82631E64E00C101CF /* NetworkError.swift */; };
		75BD7FB32631F2F700C101CF /* ErrorAlert.swift in Sources */ = {isa = PBXBuildFile; fileRef = 75BD7FB22631F2F700C101CF /* ErrorAlert.swift */; };
		75BD7FB72631FC4E00C101CF /* ShareAlert.swift in Sources */ = {isa = PBXBuildFile; fileRef = 75BD7FB62631FC4E00C101CF /* ShareAlert.swift */; };
		75D78BE62631528D000F6BF3 /* ImageView+Ex.swift in Sources */ = {isa = PBXBuildFile; fileRef = 75D78BE52631528D000F6BF3 /* ImageView+Ex.swift */; };
		75D78BE9263163E3000F6BF3 /* String+Ex.swift in Sources */ = {isa = PBXBuildFile; fileRef = 75D78BE8263163E3000F6BF3 /* String+Ex.swift */; };
		75F8CA3A262EB46E00174BFC /* AppDelegate.swift in Sources */ = {isa = PBXBuildFile; fileRef = 75F8CA39262EB46E00174BFC /* AppDelegate.swift */; };
		75F8CA3C262EB46E00174BFC /* SceneDelegate.swift in Sources */ = {isa = PBXBuildFile; fileRef = 75F8CA3B262EB46E00174BFC /* SceneDelegate.swift */; };
		75F8CA3E262EB46E00174BFC /* TodayViewController.swift in Sources */ = {isa = PBXBuildFile; fileRef = 75F8CA3D262EB46E00174BFC /* TodayViewController.swift */; };
		75F8CA41262EB46E00174BFC /* Main.storyboard in Resources */ = {isa = PBXBuildFile; fileRef = 75F8CA3F262EB46E00174BFC /* Main.storyboard */; };
		75F8CA43262EB46F00174BFC /* Assets.xcassets in Resources */ = {isa = PBXBuildFile; fileRef = 75F8CA42262EB46F00174BFC /* Assets.xcassets */; };
		75F8CA46262EB46F00174BFC /* LaunchScreen.storyboard in Resources */ = {isa = PBXBuildFile; fileRef = 75F8CA44262EB46F00174BFC /* LaunchScreen.storyboard */; };
		75F8CA50262EB8B400174BFC /* ForecastViewController.swift in Sources */ = {isa = PBXBuildFile; fileRef = 75F8CA4F262EB8B400174BFC /* ForecastViewController.swift */; };
		75F8CA5E262F332A00174BFC /* ModelCurrentWeather.swift in Sources */ = {isa = PBXBuildFile; fileRef = 75F8CA5D262F332A00174BFC /* ModelCurrentWeather.swift */; };
		75F8CA64262F519600174BFC /* CurrentWeatherProtocols.swift in Sources */ = {isa = PBXBuildFile; fileRef = 75F8CA63262F519600174BFC /* CurrentWeatherProtocols.swift */; };
		75F8CA68262F5D5000174BFC /* CurrentWeatherPresenter.swift in Sources */ = {isa = PBXBuildFile; fileRef = 75F8CA67262F5D5000174BFC /* CurrentWeatherPresenter.swift */; };
		75F8CA6C2630350D00174BFC /* ViewController+Ex.swift in Sources */ = {isa = PBXBuildFile; fileRef = 75F8CA6B2630350D00174BFC /* ViewController+Ex.swift */; };
		75F8CA7426303B8900174BFC /* ForecastWeatherPresenter.swift in Sources */ = {isa = PBXBuildFile; fileRef = 75F8CA7326303B8900174BFC /* ForecastWeatherPresenter.swift */; };
		75F8CA7726303BA400174BFC /* ForecastWeatherProtocols.swift in Sources */ = {isa = PBXBuildFile; fileRef = 75F8CA7626303BA400174BFC /* ForecastWeatherProtocols.swift */; };
		75F8CA7A26303BC100174BFC /* ModelForecastWeather.swift in Sources */ = {isa = PBXBuildFile; fileRef = 75F8CA7926303BC100174BFC /* ModelForecastWeather.swift */; };
		75F8CA7E263062BD00174BFC /* WeatherCell.swift in Sources */ = {isa = PBXBuildFile; fileRef = 75F8CA7D263062BD00174BFC /* WeatherCell.swift */; };
		75F8CA822630666B00174BFC /* SnapKit in Frameworks */ = {isa = PBXBuildFile; productRef = 75F8CA812630666B00174BFC /* SnapKit */; };
/* End PBXBuildFile section */

/* Begin PBXFileReference section */
		75BD7FA12631E44800C101CF /* Networking.swift */ = {isa = PBXFileReference; lastKnownFileType = sourcecode.swift; path = Networking.swift; sourceTree = "<group>"; };
		75BD7FA52631E54100C101CF /* Networking+Ex.swift */ = {isa = PBXFileReference; lastKnownFileType = sourcecode.swift; path = "Networking+Ex.swift"; sourceTree = "<group>"; };
		75BD7FA82631E64E00C101CF /* NetworkError.swift */ = {isa = PBXFileReference; lastKnownFileType = sourcecode.swift; path = NetworkError.swift; sourceTree = "<group>"; };
		75BD7FB22631F2F700C101CF /* ErrorAlert.swift */ = {isa = PBXFileReference; lastKnownFileType = sourcecode.swift; path = ErrorAlert.swift; sourceTree = "<group>"; };
		75BD7FB62631FC4E00C101CF /* ShareAlert.swift */ = {isa = PBXFileReference; lastKnownFileType = sourcecode.swift; path = ShareAlert.swift; sourceTree = "<group>"; };
		75D78BE52631528D000F6BF3 /* ImageView+Ex.swift */ = {isa = PBXFileReference; lastKnownFileType = sourcecode.swift; path = "ImageView+Ex.swift"; sourceTree = "<group>"; };
		75D78BE8263163E3000F6BF3 /* String+Ex.swift */ = {isa = PBXFileReference; lastKnownFileType = sourcecode.swift; path = "String+Ex.swift"; sourceTree = "<group>"; };
		75F8CA36262EB46E00174BFC /* TestWeatherApp.app */ = {isa = PBXFileReference; explicitFileType = wrapper.application; includeInIndex = 0; path = TestWeatherApp.app; sourceTree = BUILT_PRODUCTS_DIR; };
		75F8CA39262EB46E00174BFC /* AppDelegate.swift */ = {isa = PBXFileReference; lastKnownFileType = sourcecode.swift; path = AppDelegate.swift; sourceTree = "<group>"; };
		75F8CA3B262EB46E00174BFC /* SceneDelegate.swift */ = {isa = PBXFileReference; lastKnownFileType = sourcecode.swift; path = SceneDelegate.swift; sourceTree = "<group>"; };
		75F8CA3D262EB46E00174BFC /* TodayViewController.swift */ = {isa = PBXFileReference; lastKnownFileType = sourcecode.swift; path = TodayViewController.swift; sourceTree = "<group>"; };
		75F8CA40262EB46E00174BFC /* Base */ = {isa = PBXFileReference; lastKnownFileType = file.storyboard; name = Base; path = Base.lproj/Main.storyboard; sourceTree = "<group>"; };
		75F8CA42262EB46F00174BFC /* Assets.xcassets */ = {isa = PBXFileReference; lastKnownFileType = folder.assetcatalog; path = Assets.xcassets; sourceTree = "<group>"; };
		75F8CA45262EB46F00174BFC /* Base */ = {isa = PBXFileReference; lastKnownFileType = file.storyboard; name = Base; path = Base.lproj/LaunchScreen.storyboard; sourceTree = "<group>"; };
		75F8CA47262EB46F00174BFC /* Info.plist */ = {isa = PBXFileReference; lastKnownFileType = text.plist.xml; path = Info.plist; sourceTree = "<group>"; };
		75F8CA4F262EB8B400174BFC /* ForecastViewController.swift */ = {isa = PBXFileReference; lastKnownFileType = sourcecode.swift; path = ForecastViewController.swift; sourceTree = "<group>"; };
		75F8CA5D262F332A00174BFC /* ModelCurrentWeather.swift */ = {isa = PBXFileReference; lastKnownFileType = sourcecode.swift; path = ModelCurrentWeather.swift; sourceTree = "<group>"; };
		75F8CA63262F519600174BFC /* CurrentWeatherProtocols.swift */ = {isa = PBXFileReference; lastKnownFileType = sourcecode.swift; path = CurrentWeatherProtocols.swift; sourceTree = "<group>"; };
		75F8CA67262F5D5000174BFC /* CurrentWeatherPresenter.swift */ = {isa = PBXFileReference; lastKnownFileType = sourcecode.swift; path = CurrentWeatherPresenter.swift; sourceTree = "<group>"; };
		75F8CA6B2630350D00174BFC /* ViewController+Ex.swift */ = {isa = PBXFileReference; lastKnownFileType = sourcecode.swift; path = "ViewController+Ex.swift"; sourceTree = "<group>"; };
		75F8CA7326303B8900174BFC /* ForecastWeatherPresenter.swift */ = {isa = PBXFileReference; lastKnownFileType = sourcecode.swift; path = ForecastWeatherPresenter.swift; sourceTree = "<group>"; };
		75F8CA7626303BA400174BFC /* ForecastWeatherProtocols.swift */ = {isa = PBXFileReference; lastKnownFileType = sourcecode.swift; path = ForecastWeatherProtocols.swift; sourceTree = "<group>"; };
		75F8CA7926303BC100174BFC /* ModelForecastWeather.swift */ = {isa = PBXFileReference; lastKnownFileType = sourcecode.swift; path = ModelForecastWeather.swift; sourceTree = "<group>"; };
		75F8CA7D263062BD00174BFC /* WeatherCell.swift */ = {isa = PBXFileReference; lastKnownFileType = sourcecode.swift; path = WeatherCell.swift; sourceTree = "<group>"; };
/* End PBXFileReference section */

/* Begin PBXFrameworksBuildPhase section */
		75F8CA33262EB46E00174BFC /* Frameworks */ = {
			isa = PBXFrameworksBuildPhase;
			buildActionMask = 2147483647;
			files = (
				75F8CA822630666B00174BFC /* SnapKit in Frameworks */,
			);
			runOnlyForDeploymentPostprocessing = 0;
		};
/* End PBXFrameworksBuildPhase section */

/* Begin PBXGroup section */
		75BD7FA02631E42A00C101CF /* NetWorking */ = {
			isa = PBXGroup;
			children = (
				75BD7FA12631E44800C101CF /* Networking.swift */,
				75BD7FA82631E64E00C101CF /* NetworkError.swift */,
			);
			path = NetWorking;
			sourceTree = "<group>";
		};
		75BD7FB12631F2E600C101CF /* Allerts */ = {
			isa = PBXGroup;
			children = (
				75BD7FB22631F2F700C101CF /* ErrorAlert.swift */,
				75BD7FB62631FC4E00C101CF /* ShareAlert.swift */,
			);
			path = Allerts;
			sourceTree = "<group>";
		};
		75F8CA2D262EB46D00174BFC = {
			isa = PBXGroup;
			children = (
				75F8CA38262EB46E00174BFC /* TestWeatherApp */,
				75F8CA37262EB46E00174BFC /* Products */,
			);
			sourceTree = "<group>";
		};
		75F8CA37262EB46E00174BFC /* Products */ = {
			isa = PBXGroup;
			children = (
				75F8CA36262EB46E00174BFC /* TestWeatherApp.app */,
			);
			name = Products;
			sourceTree = "<group>";
		};
		75F8CA38262EB46E00174BFC /* TestWeatherApp */ = {
			isa = PBXGroup;
			children = (
				75BD7FA02631E42A00C101CF /* NetWorking */,
				75F8CA7C263062AA00174BFC /* Cells */,
				75F8CA6A263034F100174BFC /* Extensions */,
				75F8CA5A262ED12900174BFC /* Common */,
				75F8CA59262ED0E400174BFC /* Presenters */,
				75F8CA58262ED0BD00174BFC /* Model */,
				75F8CA57262ED0A900174BFC /* Controllers */,
				75F8CA39262EB46E00174BFC /* AppDelegate.swift */,
				75F8CA3B262EB46E00174BFC /* SceneDelegate.swift */,
				75F8CA3F262EB46E00174BFC /* Main.storyboard */,
				75F8CA42262EB46F00174BFC /* Assets.xcassets */,
				75F8CA44262EB46F00174BFC /* LaunchScreen.storyboard */,
				75F8CA47262EB46F00174BFC /* Info.plist */,
			);
			path = TestWeatherApp;
			sourceTree = "<group>";
		};
		75F8CA57262ED0A900174BFC /* Controllers */ = {
			isa = PBXGroup;
			children = (
				75F8CA3D262EB46E00174BFC /* TodayViewController.swift */,
				75F8CA4F262EB8B400174BFC /* ForecastViewController.swift */,
			);
			path = Controllers;
			sourceTree = "<group>";
		};
		75F8CA58262ED0BD00174BFC /* Model */ = {
			isa = PBXGroup;
			children = (
				75F8CA5D262F332A00174BFC /* ModelCurrentWeather.swift */,
				75F8CA7926303BC100174BFC /* ModelForecastWeather.swift */,
			);
			path = Model;
			sourceTree = "<group>";
		};
		75F8CA59262ED0E400174BFC /* Presenters */ = {
			isa = PBXGroup;
			children = (
				75F8CA67262F5D5000174BFC /* CurrentWeatherPresenter.swift */,
				75F8CA7326303B8900174BFC /* ForecastWeatherPresenter.swift */,
			);
			path = Presenters;
			sourceTree = "<group>";
		};
		75F8CA5A262ED12900174BFC /* Common */ = {
			isa = PBXGroup;
			children = (
				75BD7FB12631F2E600C101CF /* Allerts */,
				75F8CA62262F517D00174BFC /* Protocols */,
			);
			path = Common;
			sourceTree = "<group>";
		};
		75F8CA62262F517D00174BFC /* Protocols */ = {
			isa = PBXGroup;
			children = (
				75F8CA63262F519600174BFC /* CurrentWeatherProtocols.swift */,
				75F8CA7626303BA400174BFC /* ForecastWeatherProtocols.swift */,
			);
			path = Protocols;
			sourceTree = "<group>";
		};
		75F8CA6A263034F100174BFC /* Extensions */ = {
			isa = PBXGroup;
			children = (
				75F8CA6B2630350D00174BFC /* ViewController+Ex.swift */,
				75D78BE52631528D000F6BF3 /* ImageView+Ex.swift */,
				75D78BE8263163E3000F6BF3 /* String+Ex.swift */,
				75BD7FA52631E54100C101CF /* Networking+Ex.swift */,
			);
			path = Extensions;
			sourceTree = "<group>";
		};
		75F8CA7C263062AA00174BFC /* Cells */ = {
			isa = PBXGroup;
			children = (
				75F8CA7D263062BD00174BFC /* WeatherCell.swift */,
			);
			path = Cells;
			sourceTree = "<group>";
		};
/* End PBXGroup section */

/* Begin PBXNativeTarget section */
		75F8CA35262EB46E00174BFC /* TestWeatherApp */ = {
			isa = PBXNativeTarget;
			buildConfigurationList = 75F8CA4A262EB46F00174BFC /* Build configuration list for PBXNativeTarget "TestWeatherApp" */;
			buildPhases = (
				75F8CA32262EB46E00174BFC /* Sources */,
				75F8CA33262EB46E00174BFC /* Frameworks */,
				75F8CA34262EB46E00174BFC /* Resources */,
			);
			buildRules = (
			);
			dependencies = (
			);
			name = TestWeatherApp;
			packageProductDependencies = (
				75F8CA812630666B00174BFC /* SnapKit */,
			);
			productName = TestWeatherApp;
			productReference = 75F8CA36262EB46E00174BFC /* TestWeatherApp.app */;
			productType = "com.apple.product-type.application";
		};
/* End PBXNativeTarget section */

/* Begin PBXProject section */
		75F8CA2E262EB46D00174BFC /* Project object */ = {
			isa = PBXProject;
			attributes = {
				LastSwiftUpdateCheck = 1240;
				LastUpgradeCheck = 1240;
				TargetAttributes = {
					75F8CA35262EB46E00174BFC = {
						CreatedOnToolsVersion = 12.4;
					};
				};
			};
			buildConfigurationList = 75F8CA31262EB46D00174BFC /* Build configuration list for PBXProject "TestWeatherApp" */;
			compatibilityVersion = "Xcode 9.3";
			developmentRegion = en;
			hasScannedForEncodings = 0;
			knownRegions = (
				en,
				Base,
			);
			mainGroup = 75F8CA2D262EB46D00174BFC;
			packageReferences = (
				75F8CA802630666B00174BFC /* XCRemoteSwiftPackageReference "SnapKit" */,
			);
			productRefGroup = 75F8CA37262EB46E00174BFC /* Products */;
			projectDirPath = "";
			projectRoot = "";
			targets = (
				75F8CA35262EB46E00174BFC /* TestWeatherApp */,
			);
		};
/* End PBXProject section */

/* Begin PBXResourcesBuildPhase section */
		75F8CA34262EB46E00174BFC /* Resources */ = {
			isa = PBXResourcesBuildPhase;
			buildActionMask = 2147483647;
			files = (
				75F8CA46262EB46F00174BFC /* LaunchScreen.storyboard in Resources */,
				75F8CA43262EB46F00174BFC /* Assets.xcassets in Resources */,
				75F8CA41262EB46E00174BFC /* Main.storyboard in Resources */,
			);
			runOnlyForDeploymentPostprocessing = 0;
		};
/* End PBXResourcesBuildPhase section */

/* Begin PBXSourcesBuildPhase section */
		75F8CA32262EB46E00174BFC /* Sources */ = {
			isa = PBXSourcesBuildPhase;
			buildActionMask = 2147483647;
			files = (
				75F8CA64262F519600174BFC /* CurrentWeatherProtocols.swift in Sources */,
				75BD7FB72631FC4E00C101CF /* ShareAlert.swift in Sources */,
				75F8CA6C2630350D00174BFC /* ViewController+Ex.swift in Sources */,
				75D78BE62631528D000F6BF3 /* ImageView+Ex.swift in Sources */,
				75F8CA50262EB8B400174BFC /* ForecastViewController.swift in Sources */,
				75F8CA7726303BA400174BFC /* ForecastWeatherProtocols.swift in Sources */,
				75F8CA7A26303BC100174BFC /* ModelForecastWeather.swift in Sources */,
				75BD7FA92631E64E00C101CF /* NetworkError.swift in Sources */,
				75BD7FA22631E44800C101CF /* Networking.swift in Sources */,
				75F8CA3E262EB46E00174BFC /* TodayViewController.swift in Sources */,
				75F8CA5E262F332A00174BFC /* ModelCurrentWeather.swift in Sources */,
				75F8CA3A262EB46E00174BFC /* AppDelegate.swift in Sources */,
				75D78BE9263163E3000F6BF3 /* String+Ex.swift in Sources */,
				75F8CA7E263062BD00174BFC /* WeatherCell.swift in Sources */,
				75F8CA3C262EB46E00174BFC /* SceneDelegate.swift in Sources */,
				75BD7FB32631F2F700C101CF /* ErrorAlert.swift in Sources */,
				75F8CA68262F5D5000174BFC /* CurrentWeatherPresenter.swift in Sources */,
				75BD7FA62631E54100C101CF /* Networking+Ex.swift in Sources */,
				75F8CA7426303B8900174BFC /* ForecastWeatherPresenter.swift in Sources */,
			);
			runOnlyForDeploymentPostprocessing = 0;
		};
/* End PBXSourcesBuildPhase section */

/* Begin PBXVariantGroup section */
		75F8CA3F262EB46E00174BFC /* Main.storyboard */ = {
			isa = PBXVariantGroup;
			children = (
				75F8CA40262EB46E00174BFC /* Base */,
			);
			name = Main.storyboard;
			sourceTree = "<group>";
		};
		75F8CA44262EB46F00174BFC /* LaunchScreen.storyboard */ = {
			isa = PBXVariantGroup;
			children = (
				75F8CA45262EB46F00174BFC /* Base */,
			);
			name = LaunchScreen.storyboard;
			sourceTree = "<group>";
		};
/* End PBXVariantGroup section */

/* Begin XCBuildConfiguration section */
		75F8CA48262EB46F00174BFC /* Debug */ = {
			isa = XCBuildConfiguration;
			buildSettings = {
				ALWAYS_SEARCH_USER_PATHS = NO;
				CLANG_ANALYZER_NONNULL = YES;
				CLANG_ANALYZER_NUMBER_OBJECT_CONVERSION = YES_AGGRESSIVE;
				CLANG_CXX_LANGUAGE_STANDARD = "gnu++14";
				CLANG_CXX_LIBRARY = "libc++";
				CLANG_ENABLE_MODULES = YES;
				CLANG_ENABLE_OBJC_ARC = YES;
				CLANG_ENABLE_OBJC_WEAK = YES;
				CLANG_WARN_BLOCK_CAPTURE_AUTORELEASING = YES;
				CLANG_WARN_BOOL_CONVERSION = YES;
				CLANG_WARN_COMMA = YES;
				CLANG_WARN_CONSTANT_CONVERSION = YES;
				CLANG_WARN_DEPRECATED_OBJC_IMPLEMENTATIONS = YES;
				CLANG_WARN_DIRECT_OBJC_ISA_USAGE = YES_ERROR;
				CLANG_WARN_DOCUMENTATION_COMMENTS = YES;
				CLANG_WARN_EMPTY_BODY = YES;
				CLANG_WARN_ENUM_CONVERSION = YES;
				CLANG_WARN_INFINITE_RECURSION = YES;
				CLANG_WARN_INT_CONVERSION = YES;
				CLANG_WARN_NON_LITERAL_NULL_CONVERSION = YES;
				CLANG_WARN_OBJC_IMPLICIT_RETAIN_SELF = YES;
				CLANG_WARN_OBJC_LITERAL_CONVERSION = YES;
				CLANG_WARN_OBJC_ROOT_CLASS = YES_ERROR;
				CLANG_WARN_QUOTED_INCLUDE_IN_FRAMEWORK_HEADER = YES;
				CLANG_WARN_RANGE_LOOP_ANALYSIS = YES;
				CLANG_WARN_STRICT_PROTOTYPES = YES;
				CLANG_WARN_SUSPICIOUS_MOVE = YES;
				CLANG_WARN_UNGUARDED_AVAILABILITY = YES_AGGRESSIVE;
				CLANG_WARN_UNREACHABLE_CODE = YES;
				CLANG_WARN__DUPLICATE_METHOD_MATCH = YES;
				COPY_PHASE_STRIP = NO;
				DEBUG_INFORMATION_FORMAT = dwarf;
				ENABLE_STRICT_OBJC_MSGSEND = YES;
				ENABLE_TESTABILITY = YES;
				GCC_C_LANGUAGE_STANDARD = gnu11;
				GCC_DYNAMIC_NO_PIC = NO;
				GCC_NO_COMMON_BLOCKS = YES;
				GCC_OPTIMIZATION_LEVEL = 0;
				GCC_PREPROCESSOR_DEFINITIONS = (
					"DEBUG=1",
					"$(inherited)",
				);
				GCC_WARN_64_TO_32_BIT_CONVERSION = YES;
				GCC_WARN_ABOUT_RETURN_TYPE = YES_ERROR;
				GCC_WARN_UNDECLARED_SELECTOR = YES;
				GCC_WARN_UNINITIALIZED_AUTOS = YES_AGGRESSIVE;
				GCC_WARN_UNUSED_FUNCTION = YES;
				GCC_WARN_UNUSED_VARIABLE = YES;
				IPHONEOS_DEPLOYMENT_TARGET = 14.4;
				MTL_ENABLE_DEBUG_INFO = INCLUDE_SOURCE;
				MTL_FAST_MATH = YES;
				ONLY_ACTIVE_ARCH = YES;
				SDKROOT = iphoneos;
				SWIFT_ACTIVE_COMPILATION_CONDITIONS = DEBUG;
				SWIFT_OPTIMIZATION_LEVEL = "-Onone";
			};
			name = Debug;
		};
		75F8CA49262EB46F00174BFC /* Release */ = {
			isa = XCBuildConfiguration;
			buildSettings = {
				ALWAYS_SEARCH_USER_PATHS = NO;
				CLANG_ANALYZER_NONNULL = YES;
				CLANG_ANALYZER_NUMBER_OBJECT_CONVERSION = YES_AGGRESSIVE;
				CLANG_CXX_LANGUAGE_STANDARD = "gnu++14";
				CLANG_CXX_LIBRARY = "libc++";
				CLANG_ENABLE_MODULES = YES;
				CLANG_ENABLE_OBJC_ARC = YES;
				CLANG_ENABLE_OBJC_WEAK = YES;
				CLANG_WARN_BLOCK_CAPTURE_AUTORELEASING = YES;
				CLANG_WARN_BOOL_CONVERSION = YES;
				CLANG_WARN_COMMA = YES;
				CLANG_WARN_CONSTANT_CONVERSION = YES;
				CLANG_WARN_DEPRECATED_OBJC_IMPLEMENTATIONS = YES;
				CLANG_WARN_DIRECT_OBJC_ISA_USAGE = YES_ERROR;
				CLANG_WARN_DOCUMENTATION_COMMENTS = YES;
				CLANG_WARN_EMPTY_BODY = YES;
				CLANG_WARN_ENUM_CONVERSION = YES;
				CLANG_WARN_INFINITE_RECURSION = YES;
				CLANG_WARN_INT_CONVERSION = YES;
				CLANG_WARN_NON_LITERAL_NULL_CONVERSION = YES;
				CLANG_WARN_OBJC_IMPLICIT_RETAIN_SELF = YES;
				CLANG_WARN_OBJC_LITERAL_CONVERSION = YES;
				CLANG_WARN_OBJC_ROOT_CLASS = YES_ERROR;
				CLANG_WARN_QUOTED_INCLUDE_IN_FRAMEWORK_HEADER = YES;
				CLANG_WARN_RANGE_LOOP_ANALYSIS = YES;
				CLANG_WARN_STRICT_PROTOTYPES = YES;
				CLANG_WARN_SUSPICIOUS_MOVE = YES;
				CLANG_WARN_UNGUARDED_AVAILABILITY = YES_AGGRESSIVE;
				CLANG_WARN_UNREACHABLE_CODE = YES;
				CLANG_WARN__DUPLICATE_METHOD_MATCH = YES;
				COPY_PHASE_STRIP = NO;
				DEBUG_INFORMATION_FORMAT = "dwarf-with-dsym";
				ENABLE_NS_ASSERTIONS = NO;
				ENABLE_STRICT_OBJC_MSGSEND = YES;
				GCC_C_LANGUAGE_STANDARD = gnu11;
				GCC_NO_COMMON_BLOCKS = YES;
				GCC_WARN_64_TO_32_BIT_CONVERSION = YES;
				GCC_WARN_ABOUT_RETURN_TYPE = YES_ERROR;
				GCC_WARN_UNDECLARED_SELECTOR = YES;
				GCC_WARN_UNINITIALIZED_AUTOS = YES_AGGRESSIVE;
				GCC_WARN_UNUSED_FUNCTION = YES;
				GCC_WARN_UNUSED_VARIABLE = YES;
				IPHONEOS_DEPLOYMENT_TARGET = 14.4;
				MTL_ENABLE_DEBUG_INFO = NO;
				MTL_FAST_MATH = YES;
				SDKROOT = iphoneos;
				SWIFT_COMPILATION_MODE = wholemodule;
				SWIFT_OPTIMIZATION_LEVEL = "-O";
				VALIDATE_PRODUCT = YES;
			};
			name = Release;
		};
		75F8CA4B262EB46F00174BFC /* Debug */ = {
			isa = XCBuildConfiguration;
			buildSettings = {
				ASSETCATALOG_COMPILER_APPICON_NAME = AppIcon;
				ASSETCATALOG_COMPILER_GLOBAL_ACCENT_COLOR_NAME = AccentColor;
				CODE_SIGN_STYLE = Automatic;
				DEVELOPMENT_TEAM = KT9QPL7XPR;
				INFOPLIST_FILE = TestWeatherApp/Info.plist;
				LD_RUNPATH_SEARCH_PATHS = (
					"$(inherited)",
					"@executable_path/Frameworks",
				);
				PRODUCT_BUNDLE_IDENTIFIER = arturiniyo.TestWeatherApp;
				PRODUCT_NAME = "$(TARGET_NAME)";
				SWIFT_VERSION = 5.0;
				TARGETED_DEVICE_FAMILY = 1;
			};
			name = Debug;
		};
		75F8CA4C262EB46F00174BFC /* Release */ = {
			isa = XCBuildConfiguration;
			buildSettings = {
				ASSETCATALOG_COMPILER_APPICON_NAME = AppIcon;
				ASSETCATALOG_COMPILER_GLOBAL_ACCENT_COLOR_NAME = AccentColor;
				CODE_SIGN_STYLE = Automatic;
				DEVELOPMENT_TEAM = KT9QPL7XPR;
				INFOPLIST_FILE = TestWeatherApp/Info.plist;
				LD_RUNPATH_SEARCH_PATHS = (
					"$(inherited)",
					"@executable_path/Frameworks",
				);
				PRODUCT_BUNDLE_IDENTIFIER = arturiniyo.TestWeatherApp;
				PRODUCT_NAME = "$(TARGET_NAME)";
				SWIFT_VERSION = 5.0;
				TARGETED_DEVICE_FAMILY = 1;
			};
			name = Release;
		};
/* End XCBuildConfiguration section */

/* Begin XCConfigurationList section */
		75F8CA31262EB46D00174BFC /* Build configuration list for PBXProject "TestWeatherApp" */ = {
			isa = XCConfigurationList;
			buildConfigurations = (
				75F8CA48262EB46F00174BFC /* Debug */,
				75F8CA49262EB46F00174BFC /* Release */,
			);
			defaultConfigurationIsVisible = 0;
			defaultConfigurationName = Release;
		};
		75F8CA4A262EB46F00174BFC /* Build configuration list for PBXNativeTarget "TestWeatherApp" */ = {
			isa = XCConfigurationList;
			buildConfigurations = (
				75F8CA4B262EB46F00174BFC /* Debug */,
				75F8CA4C262EB46F00174BFC /* Release */,
			);
			defaultConfigurationIsVisible = 0;
			defaultConfigurationName = Release;
		};
/* End XCConfigurationList section */

/* Begin XCRemoteSwiftPackageReference section */
		75F8CA802630666B00174BFC /* XCRemoteSwiftPackageReference "SnapKit" */ = {
			isa = XCRemoteSwiftPackageReference;
			repositoryURL = "https://github.com/SnapKit/SnapKit";
			requirement = {
				kind = upToNextMajorVersion;
				minimumVersion = 5.0.1;
			};
		};
/* End XCRemoteSwiftPackageReference section */

/* Begin XCSwiftPackageProductDependency section */
		75F8CA812630666B00174BFC /* SnapKit */ = {
			isa = XCSwiftPackageProductDependency;
			package = 75F8CA802630666B00174BFC /* XCRemoteSwiftPackageReference "SnapKit" */;
			productName = SnapKit;
		};
/* End XCSwiftPackageProductDependency section */
	};
	rootObject = 75F8CA2E262EB46D00174BFC /* Project object */;
}
